
Microsoft Visual Studio Solution File, Format Version 12.00
# Visual Studio 2013
VisualStudioVersion = 12.0.21005.1
MinimumVisualStudioVersion = 10.0.40219.1
Project("{8BC9CEB8-8B4A-11D0-8D11-00A0C91BC942}") = "p2p", "p2p\p2p.vcxproj", "{B6CFE89C-26BB-4AB3-AA84-D1EA517A3E0A}"
EndProject
Project("{8BC9CEB8-8B4A-11D0-8D11-00A0C91BC942}") = "p2p-unitTests", "p2p-unitTests\p2p-unitTests.vcxproj", "{7223DB12-7B56-48D8-AE63-A8E7723F052E}"
EndProject
Global
	GlobalSection(SolutionConfigurationPlatforms) = preSolution
		Debug|Win32 = Debug|Win32
		Release|Win32 = Release|Win32
	EndGlobalSection
	GlobalSection(ProjectConfigurationPlatforms) = postSolution
		{B6CFE89C-26BB-4AB3-AA84-D1EA517A3E0A}.Debug|Win32.ActiveCfg = Debug|Win32
		{B6CFE89C-26BB-4AB3-AA84-D1EA517A3E0A}.Debug|Win32.Build.0 = Debug|Win32
		{B6CFE89C-26BB-4AB3-AA84-D1EA517A3E0A}.Release|Win32.ActiveCfg = Release|Win32
		{B6CFE89C-26BB-4AB3-AA84-D1EA517A3E0A}.Release|Win32.Build.0 = Release|Win32
		{7223DB12-7B56-48D8-AE63-A8E7723F052E}.Debug|Win32.ActiveCfg = Debug|Win32
		{7223DB12-7B56-48D8-AE63-A8E7723F052E}.Debug|Win32.Build.0 = Debug|Win32
		{7223DB12-7B56-48D8-AE63-A8E7723F052E}.Release|Win32.ActiveCfg = Release|Win32
		{7223DB12-7B56-48D8-AE63-A8E7723F052E}.Release|Win32.Build.0 = Release|Win32
	EndGlobalSection
	GlobalSection(SolutionProperties) = preSolution
		HideSolutionNode = FALSE
	EndGlobalSection
EndGlobal
